// !$*UTF8*$!
{
	archiveVersion = 1;
	classes = {
	};
	objectVersion = 46;
	objects = {

/* Begin PBXBuildFile section */
		67902B2D1DD04688000962E7 /* main.m in Sources */ = {isa = PBXBuildFile; fileRef = 67902B2C1DD04688000962E7 /* main.m */; };
		67902B381DD04688000962E7 /* Assets.xcassets in Resources */ = {isa = PBXBuildFile; fileRef = 67902B371DD04688000962E7 /* Assets.xcassets */; };
		67902B4E1DD04D07000962E7 /* AppDelegate.m in Sources */ = {isa = PBXBuildFile; fileRef = 67902B441DD04D07000962E7 /* AppDelegate.m */; };
		67902B511DD04D5E000962E7 /* AppDelegate+Window.m in Sources */ = {isa = PBXBuildFile; fileRef = 67902B501DD04D5E000962E7 /* AppDelegate+Window.m */; };
		67902B551DD04E32000962E7 /* BaseViewController.m in Sources */ = {isa = PBXBuildFile; fileRef = 67902B541DD04E32000962E7 /* BaseViewController.m */; };
		67902B581DD04E52000962E7 /* BaseNavigationController.m in Sources */ = {isa = PBXBuildFile; fileRef = 67902B571DD04E52000962E7 /* BaseNavigationController.m */; };
		67902B5B1DD04F81000962E7 /* RefreshTableViewController.m in Sources */ = {isa = PBXBuildFile; fileRef = 67902B5A1DD04F81000962E7 /* RefreshTableViewController.m */; };
		67902B651DD05176000962E7 /* BaseTableViewController.m in Sources */ = {isa = PBXBuildFile; fileRef = 67902B641DD05176000962E7 /* BaseTableViewController.m */; };
		67902BB21DD052D8000962E7 /* AFHTTPSessionManager.m in Sources */ = {isa = PBXBuildFile; fileRef = 67902B681DD052D8000962E7 /* AFHTTPSessionManager.m */; };
		67902BB31DD052D8000962E7 /* AFNetworkReachabilityManager.m in Sources */ = {isa = PBXBuildFile; fileRef = 67902B6B1DD052D8000962E7 /* AFNetworkReachabilityManager.m */; };
		67902BB41DD052D8000962E7 /* AFSecurityPolicy.m in Sources */ = {isa = PBXBuildFile; fileRef = 67902B6D1DD052D8000962E7 /* AFSecurityPolicy.m */; };
		67902BB51DD052D8000962E7 /* AFURLRequestSerialization.m in Sources */ = {isa = PBXBuildFile; fileRef = 67902B6F1DD052D8000962E7 /* AFURLRequestSerialization.m */; };
		67902BB61DD052D8000962E7 /* AFURLResponseSerialization.m in Sources */ = {isa = PBXBuildFile; fileRef = 67902B711DD052D8000962E7 /* AFURLResponseSerialization.m */; };
		67902BB71DD052D8000962E7 /* AFURLSessionManager.m in Sources */ = {isa = PBXBuildFile; fileRef = 67902B731DD052D8000962E7 /* AFURLSessionManager.m */; };
		67902BB81DD052D8000962E7 /* KLSwitch.m in Sources */ = {isa = PBXBuildFile; fileRef = 67902B761DD052D8000962E7 /* KLSwitch.m */; };
		67902BB91DD052D8000962E7 /* MJConst.m in Sources */ = {isa = PBXBuildFile; fileRef = 67902B791DD052D8000962E7 /* MJConst.m */; };
		67902BBA1DD052D8000962E7 /* MJFoundation.m in Sources */ = {isa = PBXBuildFile; fileRef = 67902B7C1DD052D8000962E7 /* MJFoundation.m */; };
		67902BBB1DD052D8000962E7 /* MJProperty.m in Sources */ = {isa = PBXBuildFile; fileRef = 67902B7E1DD052D8000962E7 /* MJProperty.m */; };
		67902BBC1DD052D8000962E7 /* MJType.m in Sources */ = {isa = PBXBuildFile; fileRef = 67902B801DD052D8000962E7 /* MJType.m */; };
		67902BBD1DD052D8000962E7 /* NSObject+MJCoding.m in Sources */ = {isa = PBXBuildFile; fileRef = 67902B821DD052D8000962E7 /* NSObject+MJCoding.m */; };
		67902BBE1DD052D8000962E7 /* NSObject+MJKeyValue.m in Sources */ = {isa = PBXBuildFile; fileRef = 67902B841DD052D8000962E7 /* NSObject+MJKeyValue.m */; };
		67902BBF1DD052D8000962E7 /* NSObject+MJProperty.m in Sources */ = {isa = PBXBuildFile; fileRef = 67902B861DD052D8000962E7 /* NSObject+MJProperty.m */; };
		67902BC01DD052D8000962E7 /* NSString+Extension.m in Sources */ = {isa = PBXBuildFile; fileRef = 67902B881DD052D8000962E7 /* NSString+Extension.m */; };
		67902BC11DD052D8000962E7 /* MKAnnotationView+WebCache.m in Sources */ = {isa = PBXBuildFile; fileRef = 67902B8C1DD052D8000962E7 /* MKAnnotationView+WebCache.m */; };
		67902BC21DD052D8000962E7 /* NSData+ImageContentType.m in Sources */ = {isa = PBXBuildFile; fileRef = 67902B8E1DD052D8000962E7 /* NSData+ImageContentType.m */; };
		67902BC31DD052D8000962E7 /* NSImage+WebCache.m in Sources */ = {isa = PBXBuildFile; fileRef = 67902B901DD052D8000962E7 /* NSImage+WebCache.m */; };
		67902BC41DD052D8000962E7 /* SDImageCache.m in Sources */ = {isa = PBXBuildFile; fileRef = 67902B921DD052D8000962E7 /* SDImageCache.m */; };
		67902BC51DD052D8000962E7 /* SDImageCacheConfig.m in Sources */ = {isa = PBXBuildFile; fileRef = 67902B941DD052D8000962E7 /* SDImageCacheConfig.m */; };
		67902BC61DD052D8000962E7 /* SDWebImageCompat.m in Sources */ = {isa = PBXBuildFile; fileRef = 67902B961DD052D8000962E7 /* SDWebImageCompat.m */; };
		67902BC71DD052D8000962E7 /* SDWebImageDecoder.m in Sources */ = {isa = PBXBuildFile; fileRef = 67902B981DD052D8000962E7 /* SDWebImageDecoder.m */; };
		67902BC81DD052D8000962E7 /* SDWebImageDownloader.m in Sources */ = {isa = PBXBuildFile; fileRef = 67902B9A1DD052D8000962E7 /* SDWebImageDownloader.m */; };
		67902BC91DD052D8000962E7 /* SDWebImageDownloaderOperation.m in Sources */ = {isa = PBXBuildFile; fileRef = 67902B9C1DD052D8000962E7 /* SDWebImageDownloaderOperation.m */; };
		67902BCA1DD052D8000962E7 /* SDWebImageManager.m in Sources */ = {isa = PBXBuildFile; fileRef = 67902B9E1DD052D8000962E7 /* SDWebImageManager.m */; };
		67902BCB1DD052D8000962E7 /* SDWebImagePrefetcher.m in Sources */ = {isa = PBXBuildFile; fileRef = 67902BA11DD052D8000962E7 /* SDWebImagePrefetcher.m */; };
		67902BCC1DD052D8000962E7 /* UIButton+WebCache.m in Sources */ = {isa = PBXBuildFile; fileRef = 67902BA31DD052D8000962E7 /* UIButton+WebCache.m */; };
		67902BCD1DD052D8000962E7 /* UIImage+GIF.m in Sources */ = {isa = PBXBuildFile; fileRef = 67902BA51DD052D8000962E7 /* UIImage+GIF.m */; };
		67902BCE1DD052D8000962E7 /* UIImage+MultiFormat.m in Sources */ = {isa = PBXBuildFile; fileRef = 67902BA71DD052D8000962E7 /* UIImage+MultiFormat.m */; };
		67902BCF1DD052D8000962E7 /* UIImage+WebP.m in Sources */ = {isa = PBXBuildFile; fileRef = 67902BA91DD052D8000962E7 /* UIImage+WebP.m */; };
		67902BD01DD052D8000962E7 /* UIImageView+HighlightedWebCache.m in Sources */ = {isa = PBXBuildFile; fileRef = 67902BAB1DD052D8000962E7 /* UIImageView+HighlightedWebCache.m */; };
		67902BD11DD052D8000962E7 /* UIImageView+WebCache.m in Sources */ = {isa = PBXBuildFile; fileRef = 67902BAD1DD052D8000962E7 /* UIImageView+WebCache.m */; };
		67902BD21DD052D8000962E7 /* UIView+WebCache.m in Sources */ = {isa = PBXBuildFile; fileRef = 67902BAF1DD052D8000962E7 /* UIView+WebCache.m */; };
		67902BD31DD052D8000962E7 /* UIView+WebCacheOperation.m in Sources */ = {isa = PBXBuildFile; fileRef = 67902BB11DD052D8000962E7 /* UIView+WebCacheOperation.m */; };
		67902BD61DD0534F000962E7 /* DataCenter.m in Sources */ = {isa = PBXBuildFile; fileRef = 67902BD51DD0534F000962E7 /* DataCenter.m */; };
		67902BD91DD05361000962E7 /* SocketManager.m in Sources */ = {isa = PBXBuildFile; fileRef = 67902BD81DD05361000962E7 /* SocketManager.m */; };
		67902BDC1DD05373000962E7 /* RequestManager.m in Sources */ = {isa = PBXBuildFile; fileRef = 67902BDB1DD05373000962E7 /* RequestManager.m */; };
		67902BDF1DD053A7000962E7 /* SocketManager+Send.m in Sources */ = {isa = PBXBuildFile; fileRef = 67902BDE1DD053A7000962E7 /* SocketManager+Send.m */; };
		67902BE21DD053B1000962E7 /* SocketManager+Receive.m in Sources */ = {isa = PBXBuildFile; fileRef = 67902BE11DD053B1000962E7 /* SocketManager+Receive.m */; };
		67902BE51DD053F4000962E7 /* RequestSessionManager.m in Sources */ = {isa = PBXBuildFile; fileRef = 67902BE41DD053F4000962E7 /* RequestSessionManager.m */; };
		67902BE81DD05983000962E7 /* LiveListItem.m in Sources */ = {isa = PBXBuildFile; fileRef = 67902BE71DD05983000962E7 /* LiveListItem.m */; };
		67902BEB1DD05B43000962E7 /* CreatorItem.m in Sources */ = {isa = PBXBuildFile; fileRef = 67902BEA1DD05B43000962E7 /* CreatorItem.m */; };
/* End PBXBuildFile section */

/* Begin PBXFileReference section */
		67902B281DD04688000962E7 /* Yingke.app */ = {isa = PBXFileReference; explicitFileType = wrapper.application; includeInIndex = 0; path = Yingke.app; sourceTree = BUILT_PRODUCTS_DIR; };
		67902B2C1DD04688000962E7 /* main.m */ = {isa = PBXFileReference; lastKnownFileType = sourcecode.c.objc; path = main.m; sourceTree = "<group>"; };
		67902B371DD04688000962E7 /* Assets.xcassets */ = {isa = PBXFileReference; lastKnownFileType = folder.assetcatalog; path = Assets.xcassets; sourceTree = "<group>"; };
		67902B3C1DD04688000962E7 /* Info.plist */ = {isa = PBXFileReference; lastKnownFileType = text.plist.xml; path = Info.plist; sourceTree = "<group>"; };
		67902B431DD04D07000962E7 /* AppDelegate.h */ = {isa = PBXFileReference; fileEncoding = 4; lastKnownFileType = sourcecode.c.h; path = AppDelegate.h; sourceTree = "<group>"; };
		67902B441DD04D07000962E7 /* AppDelegate.m */ = {isa = PBXFileReference; fileEncoding = 4; lastKnownFileType = sourcecode.c.objc; path = AppDelegate.m; sourceTree = "<group>"; };
		67902B4F1DD04D5E000962E7 /* AppDelegate+Window.h */ = {isa = PBXFileReference; fileEncoding = 4; lastKnownFileType = sourcecode.c.h; path = "AppDelegate+Window.h"; sourceTree = "<group>"; };
		67902B501DD04D5E000962E7 /* AppDelegate+Window.m */ = {isa = PBXFileReference; fileEncoding = 4; lastKnownFileType = sourcecode.c.objc; path = "AppDelegate+Window.m"; sourceTree = "<group>"; };
		67902B531DD04E32000962E7 /* BaseViewController.h */ = {isa = PBXFileReference; fileEncoding = 4; lastKnownFileType = sourcecode.c.h; path = BaseViewController.h; sourceTree = "<group>"; };
		67902B541DD04E32000962E7 /* BaseViewController.m */ = {isa = PBXFileReference; fileEncoding = 4; lastKnownFileType = sourcecode.c.objc; path = BaseViewController.m; sourceTree = "<group>"; };
		67902B561DD04E52000962E7 /* BaseNavigationController.h */ = {isa = PBXFileReference; fileEncoding = 4; lastKnownFileType = sourcecode.c.h; path = BaseNavigationController.h; sourceTree = "<group>"; };
		67902B571DD04E52000962E7 /* BaseNavigationController.m */ = {isa = PBXFileReference; fileEncoding = 4; lastKnownFileType = sourcecode.c.objc; path = BaseNavigationController.m; sourceTree = "<group>"; };
		67902B591DD04F81000962E7 /* RefreshTableViewController.h */ = {isa = PBXFileReference; fileEncoding = 4; lastKnownFileType = sourcecode.c.h; path = RefreshTableViewController.h; sourceTree = "<group>"; };
		67902B5A1DD04F81000962E7 /* RefreshTableViewController.m */ = {isa = PBXFileReference; fileEncoding = 4; lastKnownFileType = sourcecode.c.objc; path = RefreshTableViewController.m; sourceTree = "<group>"; };
		67902B5D1DD04FFA000962E7 /* UIKitMacro.h */ = {isa = PBXFileReference; fileEncoding = 4; lastKnownFileType = sourcecode.c.h; path = UIKitMacro.h; sourceTree = "<group>"; };
		67902B5E1DD05012000962E7 /* UIFontMacro.h */ = {isa = PBXFileReference; fileEncoding = 4; lastKnownFileType = sourcecode.c.h; path = UIFontMacro.h; sourceTree = "<group>"; };
		67902B5F1DD05027000962E7 /* HttpMacro.h */ = {isa = PBXFileReference; fileEncoding = 4; lastKnownFileType = sourcecode.c.h; path = HttpMacro.h; sourceTree = "<group>"; };
		67902B611DD05056000962E7 /* FoundationMacro.h */ = {isa = PBXFileReference; fileEncoding = 4; lastKnownFileType = sourcecode.c.h; path = FoundationMacro.h; sourceTree = "<group>"; };
		67902B621DD050D5000962E7 /* Yingke.pch */ = {isa = PBXFileReference; fileEncoding = 4; lastKnownFileType = sourcecode.c.h; path = Yingke.pch; sourceTree = "<group>"; };
		67902B631DD05176000962E7 /* BaseTableViewController.h */ = {isa = PBXFileReference; fileEncoding = 4; lastKnownFileType = sourcecode.c.h; path = BaseTableViewController.h; sourceTree = "<group>"; };
		67902B641DD05176000962E7 /* BaseTableViewController.m */ = {isa = PBXFileReference; fileEncoding = 4; lastKnownFileType = sourcecode.c.objc; path = BaseTableViewController.m; sourceTree = "<group>"; };
		67902B671DD052D8000962E7 /* AFHTTPSessionManager.h */ = {isa = PBXFileReference; fileEncoding = 4; lastKnownFileType = sourcecode.c.h; path = AFHTTPSessionManager.h; sourceTree = "<group>"; };
		67902B681DD052D8000962E7 /* AFHTTPSessionManager.m */ = {isa = PBXFileReference; fileEncoding = 4; lastKnownFileType = sourcecode.c.objc; path = AFHTTPSessionManager.m; sourceTree = "<group>"; };
		67902B691DD052D8000962E7 /* AFNetworking.h */ = {isa = PBXFileReference; fileEncoding = 4; lastKnownFileType = sourcecode.c.h; path = AFNetworking.h; sourceTree = "<group>"; };
		67902B6A1DD052D8000962E7 /* AFNetworkReachabilityManager.h */ = {isa = PBXFileReference; fileEncoding = 4; lastKnownFileType = sourcecode.c.h; path = AFNetworkReachabilityManager.h; sourceTree = "<group>"; };
		67902B6B1DD052D8000962E7 /* AFNetworkReachabilityManager.m */ = {isa = PBXFileReference; fileEncoding = 4; lastKnownFileType = sourcecode.c.objc; path = AFNetworkReachabilityManager.m; sourceTree = "<group>"; };
		67902B6C1DD052D8000962E7 /* AFSecurityPolicy.h */ = {isa = PBXFileReference; fileEncoding = 4; lastKnownFileType = sourcecode.c.h; path = AFSecurityPolicy.h; sourceTree = "<group>"; };
		67902B6D1DD052D8000962E7 /* AFSecurityPolicy.m */ = {isa = PBXFileReference; fileEncoding = 4; lastKnownFileType = sourcecode.c.objc; path = AFSecurityPolicy.m; sourceTree = "<group>"; };
		67902B6E1DD052D8000962E7 /* AFURLRequestSerialization.h */ = {isa = PBXFileReference; fileEncoding = 4; lastKnownFileType = sourcecode.c.h; path = AFURLRequestSerialization.h; sourceTree = "<group>"; };
		67902B6F1DD052D8000962E7 /* AFURLRequestSerialization.m */ = {isa = PBXFileReference; fileEncoding = 4; lastKnownFileType = sourcecode.c.objc; path = AFURLRequestSerialization.m; sourceTree = "<group>"; };
		67902B701DD052D8000962E7 /* AFURLResponseSerialization.h */ = {isa = PBXFileReference; fileEncoding = 4; lastKnownFileType = sourcecode.c.h; path = AFURLResponseSerialization.h; sourceTree = "<group>"; };
		67902B711DD052D8000962E7 /* AFURLResponseSerialization.m */ = {isa = PBXFileReference; fileEncoding = 4; lastKnownFileType = sourcecode.c.objc; path = AFURLResponseSerialization.m; sourceTree = "<group>"; };
		67902B721DD052D8000962E7 /* AFURLSessionManager.h */ = {isa = PBXFileReference; fileEncoding = 4; lastKnownFileType = sourcecode.c.h; path = AFURLSessionManager.h; sourceTree = "<group>"; };
		67902B731DD052D8000962E7 /* AFURLSessionManager.m */ = {isa = PBXFileReference; fileEncoding = 4; lastKnownFileType = sourcecode.c.objc; path = AFURLSessionManager.m; sourceTree = "<group>"; };
		67902B751DD052D8000962E7 /* KLSwitch.h */ = {isa = PBXFileReference; fileEncoding = 4; lastKnownFileType = sourcecode.c.h; path = KLSwitch.h; sourceTree = "<group>"; };
		67902B761DD052D8000962E7 /* KLSwitch.m */ = {isa = PBXFileReference; fileEncoding = 4; lastKnownFileType = sourcecode.c.objc; path = KLSwitch.m; sourceTree = "<group>"; };
		67902B781DD052D8000962E7 /* MJConst.h */ = {isa = PBXFileReference; fileEncoding = 4; lastKnownFileType = sourcecode.c.h; path = MJConst.h; sourceTree = "<group>"; };
		67902B791DD052D8000962E7 /* MJConst.m */ = {isa = PBXFileReference; fileEncoding = 4; lastKnownFileType = sourcecode.c.objc; path = MJConst.m; sourceTree = "<group>"; };
		67902B7A1DD052D8000962E7 /* MJExtension.h */ = {isa = PBXFileReference; fileEncoding = 4; lastKnownFileType = sourcecode.c.h; path = MJExtension.h; sourceTree = "<group>"; };
		67902B7B1DD052D8000962E7 /* MJFoundation.h */ = {isa = PBXFileReference; fileEncoding = 4; lastKnownFileType = sourcecode.c.h; path = MJFoundation.h; sourceTree = "<group>"; };
		67902B7C1DD052D8000962E7 /* MJFoundation.m */ = {isa = PBXFileReference; fileEncoding = 4; lastKnownFileType = sourcecode.c.objc; path = MJFoundation.m; sourceTree = "<group>"; };
		67902B7D1DD052D8000962E7 /* MJProperty.h */ = {isa = PBXFileReference; fileEncoding = 4; lastKnownFileType = sourcecode.c.h; path = MJProperty.h; sourceTree = "<group>"; };
		67902B7E1DD052D8000962E7 /* MJProperty.m */ = {isa = PBXFileReference; fileEncoding = 4; lastKnownFileType = sourcecode.c.objc; path = MJProperty.m; sourceTree = "<group>"; };
		67902B7F1DD052D8000962E7 /* MJType.h */ = {isa = PBXFileReference; fileEncoding = 4; lastKnownFileType = sourcecode.c.h; path = MJType.h; sourceTree = "<group>"; };
		67902B801DD052D8000962E7 /* MJType.m */ = {isa = PBXFileReference; fileEncoding = 4; lastKnownFileType = sourcecode.c.objc; path = MJType.m; sourceTree = "<group>"; };
		67902B811DD052D8000962E7 /* NSObject+MJCoding.h */ = {isa = PBXFileReference; fileEncoding = 4; lastKnownFileType = sourcecode.c.h; path = "NSObject+MJCoding.h"; sourceTree = "<group>"; };
		67902B821DD052D8000962E7 /* NSObject+MJCoding.m */ = {isa = PBXFileReference; fileEncoding = 4; lastKnownFileType = sourcecode.c.objc; path = "NSObject+MJCoding.m"; sourceTree = "<group>"; };
		67902B831DD052D8000962E7 /* NSObject+MJKeyValue.h */ = {isa = PBXFileReference; fileEncoding = 4; lastKnownFileType = sourcecode.c.h; path = "NSObject+MJKeyValue.h"; sourceTree = "<group>"; };
		67902B841DD052D8000962E7 /* NSObject+MJKeyValue.m */ = {isa = PBXFileReference; fileEncoding = 4; lastKnownFileType = sourcecode.c.objc; path = "NSObject+MJKeyValue.m"; sourceTree = "<group>"; };
		67902B851DD052D8000962E7 /* NSObject+MJProperty.h */ = {isa = PBXFileReference; fileEncoding = 4; lastKnownFileType = sourcecode.c.h; path = "NSObject+MJProperty.h"; sourceTree = "<group>"; };
		67902B861DD052D8000962E7 /* NSObject+MJProperty.m */ = {isa = PBXFileReference; fileEncoding = 4; lastKnownFileType = sourcecode.c.objc; path = "NSObject+MJProperty.m"; sourceTree = "<group>"; };
		67902B871DD052D8000962E7 /* NSString+Extension.h */ = {isa = PBXFileReference; fileEncoding = 4; lastKnownFileType = sourcecode.c.h; path = "NSString+Extension.h"; sourceTree = "<group>"; };
		67902B881DD052D8000962E7 /* NSString+Extension.m */ = {isa = PBXFileReference; fileEncoding = 4; lastKnownFileType = sourcecode.c.objc; path = "NSString+Extension.m"; sourceTree = "<group>"; };
		67902B8B1DD052D8000962E7 /* MKAnnotationView+WebCache.h */ = {isa = PBXFileReference; fileEncoding = 4; lastKnownFileType = sourcecode.c.h; path = "MKAnnotationView+WebCache.h"; sourceTree = "<group>"; };
		67902B8C1DD052D8000962E7 /* MKAnnotationView+WebCache.m */ = {isa = PBXFileReference; fileEncoding = 4; lastKnownFileType = sourcecode.c.objc; path = "MKAnnotationView+WebCache.m"; sourceTree = "<group>"; };
		67902B8D1DD052D8000962E7 /* NSData+ImageContentType.h */ = {isa = PBXFileReference; fileEncoding = 4; lastKnownFileType = sourcecode.c.h; path = "NSData+ImageContentType.h"; sourceTree = "<group>"; };
		67902B8E1DD052D8000962E7 /* NSData+ImageContentType.m */ = {isa = PBXFileReference; fileEncoding = 4; lastKnownFileType = sourcecode.c.objc; path = "NSData+ImageContentType.m"; sourceTree = "<group>"; };
		67902B8F1DD052D8000962E7 /* NSImage+WebCache.h */ = {isa = PBXFileReference; fileEncoding = 4; lastKnownFileType = sourcecode.c.h; path = "NSImage+WebCache.h"; sourceTree = "<group>"; };
		67902B901DD052D8000962E7 /* NSImage+WebCache.m */ = {isa = PBXFileReference; fileEncoding = 4; lastKnownFileType = sourcecode.c.objc; path = "NSImage+WebCache.m"; sourceTree = "<group>"; };
		67902B911DD052D8000962E7 /* SDImageCache.h */ = {isa = PBXFileReference; fileEncoding = 4; lastKnownFileType = sourcecode.c.h; path = SDImageCache.h; sourceTree = "<group>"; };
		67902B921DD052D8000962E7 /* SDImageCache.m */ = {isa = PBXFileReference; fileEncoding = 4; lastKnownFileType = sourcecode.c.objc; path = SDImageCache.m; sourceTree = "<group>"; };
		67902B931DD052D8000962E7 /* SDImageCacheConfig.h */ = {isa = PBXFileReference; fileEncoding = 4; lastKnownFileType = sourcecode.c.h; path = SDImageCacheConfig.h; sourceTree = "<group>"; };
		67902B941DD052D8000962E7 /* SDImageCacheConfig.m */ = {isa = PBXFileReference; fileEncoding = 4; lastKnownFileType = sourcecode.c.objc; path = SDImageCacheConfig.m; sourceTree = "<group>"; };
		67902B951DD052D8000962E7 /* SDWebImageCompat.h */ = {isa = PBXFileReference; fileEncoding = 4; lastKnownFileType = sourcecode.c.h; path = SDWebImageCompat.h; sourceTree = "<group>"; };
		67902B961DD052D8000962E7 /* SDWebImageCompat.m */ = {isa = PBXFileReference; fileEncoding = 4; lastKnownFileType = sourcecode.c.objc; path = SDWebImageCompat.m; sourceTree = "<group>"; };
		67902B971DD052D8000962E7 /* SDWebImageDecoder.h */ = {isa = PBXFileReference; fileEncoding = 4; lastKnownFileType = sourcecode.c.h; path = SDWebImageDecoder.h; sourceTree = "<group>"; };
		67902B981DD052D8000962E7 /* SDWebImageDecoder.m */ = {isa = PBXFileReference; fileEncoding = 4; lastKnownFileType = sourcecode.c.objc; path = SDWebImageDecoder.m; sourceTree = "<group>"; };
		67902B991DD052D8000962E7 /* SDWebImageDownloader.h */ = {isa = PBXFileReference; fileEncoding = 4; lastKnownFileType = sourcecode.c.h; path = SDWebImageDownloader.h; sourceTree = "<group>"; };
		67902B9A1DD052D8000962E7 /* SDWebImageDownloader.m */ = {isa = PBXFileReference; fileEncoding = 4; lastKnownFileType = sourcecode.c.objc; path = SDWebImageDownloader.m; sourceTree = "<group>"; };
		67902B9B1DD052D8000962E7 /* SDWebImageDownloaderOperation.h */ = {isa = PBXFileReference; fileEncoding = 4; lastKnownFileType = sourcecode.c.h; path = SDWebImageDownloaderOperation.h; sourceTree = "<group>"; };
		67902B9C1DD052D8000962E7 /* SDWebImageDownloaderOperation.m */ = {isa = PBXFileReference; fileEncoding = 4; lastKnownFileType = sourcecode.c.objc; path = SDWebImageDownloaderOperation.m; sourceTree = "<group>"; };
		67902B9D1DD052D8000962E7 /* SDWebImageManager.h */ = {isa = PBXFileReference; fileEncoding = 4; lastKnownFileType = sourcecode.c.h; path = SDWebImageManager.h; sourceTree = "<group>"; };
		67902B9E1DD052D8000962E7 /* SDWebImageManager.m */ = {isa = PBXFileReference; fileEncoding = 4; lastKnownFileType = sourcecode.c.objc; path = SDWebImageManager.m; sourceTree = "<group>"; };
		67902B9F1DD052D8000962E7 /* SDWebImageOperation.h */ = {isa = PBXFileReference; fileEncoding = 4; lastKnownFileType = sourcecode.c.h; path = SDWebImageOperation.h; sourceTree = "<group>"; };
		67902BA01DD052D8000962E7 /* SDWebImagePrefetcher.h */ = {isa = PBXFileReference; fileEncoding = 4; lastKnownFileType = sourcecode.c.h; path = SDWebImagePrefetcher.h; sourceTree = "<group>"; };
		67902BA11DD052D8000962E7 /* SDWebImagePrefetcher.m */ = {isa = PBXFileReference; fileEncoding = 4; lastKnownFileType = sourcecode.c.objc; path = SDWebImagePrefetcher.m; sourceTree = "<group>"; };
		67902BA21DD052D8000962E7 /* UIButton+WebCache.h */ = {isa = PBXFileReference; fileEncoding = 4; lastKnownFileType = sourcecode.c.h; path = "UIButton+WebCache.h"; sourceTree = "<group>"; };
		67902BA31DD052D8000962E7 /* UIButton+WebCache.m */ = {isa = PBXFileReference; fileEncoding = 4; lastKnownFileType = sourcecode.c.objc; path = "UIButton+WebCache.m"; sourceTree = "<group>"; };
		67902BA41DD052D8000962E7 /* UIImage+GIF.h */ = {isa = PBXFileReference; fileEncoding = 4; lastKnownFileType = sourcecode.c.h; path = "UIImage+GIF.h"; sourceTree = "<group>"; };
		67902BA51DD052D8000962E7 /* UIImage+GIF.m */ = {isa = PBXFileReference; fileEncoding = 4; lastKnownFileType = sourcecode.c.objc; path = "UIImage+GIF.m"; sourceTree = "<group>"; };
		67902BA61DD052D8000962E7 /* UIImage+MultiFormat.h */ = {isa = PBXFileReference; fileEncoding = 4; lastKnownFileType = sourcecode.c.h; path = "UIImage+MultiFormat.h"; sourceTree = "<group>"; };
		67902BA71DD052D8000962E7 /* UIImage+MultiFormat.m */ = {isa = PBXFileReference; fileEncoding = 4; lastKnownFileType = sourcecode.c.objc; path = "UIImage+MultiFormat.m"; sourceTree = "<group>"; };
		67902BA81DD052D8000962E7 /* UIImage+WebP.h */ = {isa = PBXFileReference; fileEncoding = 4; lastKnownFileType = sourcecode.c.h; path = "UIImage+WebP.h"; sourceTree = "<group>"; };
		67902BA91DD052D8000962E7 /* UIImage+WebP.m */ = {isa = PBXFileReference; fileEncoding = 4; lastKnownFileType = sourcecode.c.objc; path = "UIImage+WebP.m"; sourceTree = "<group>"; };
		67902BAA1DD052D8000962E7 /* UIImageView+HighlightedWebCache.h */ = {isa = PBXFileReference; fileEncoding = 4; lastKnownFileType = sourcecode.c.h; path = "UIImageView+HighlightedWebCache.h"; sourceTree = "<group>"; };
		67902BAB1DD052D8000962E7 /* UIImageView+HighlightedWebCache.m */ = {isa = PBXFileReference; fileEncoding = 4; lastKnownFileType = sourcecode.c.objc; path = "UIImageView+HighlightedWebCache.m"; sourceTree = "<group>"; };
		67902BAC1DD052D8000962E7 /* UIImageView+WebCache.h */ = {isa = PBXFileReference; fileEncoding = 4; lastKnownFileType = sourcecode.c.h; path = "UIImageView+WebCache.h"; sourceTree = "<group>"; };
		67902BAD1DD052D8000962E7 /* UIImageView+WebCache.m */ = {isa = PBXFileReference; fileEncoding = 4; lastKnownFileType = sourcecode.c.objc; path = "UIImageView+WebCache.m"; sourceTree = "<group>"; };
		67902BAE1DD052D8000962E7 /* UIView+WebCache.h */ = {isa = PBXFileReference; fileEncoding = 4; lastKnownFileType = sourcecode.c.h; path = "UIView+WebCache.h"; sourceTree = "<group>"; };
		67902BAF1DD052D8000962E7 /* UIView+WebCache.m */ = {isa = PBXFileReference; fileEncoding = 4; lastKnownFileType = sourcecode.c.objc; path = "UIView+WebCache.m"; sourceTree = "<group>"; };
		67902BB01DD052D8000962E7 /* UIView+WebCacheOperation.h */ = {isa = PBXFileReference; fileEncoding = 4; lastKnownFileType = sourcecode.c.h; path = "UIView+WebCacheOperation.h"; sourceTree = "<group>"; };
		67902BB11DD052D8000962E7 /* UIView+WebCacheOperation.m */ = {isa = PBXFileReference; fileEncoding = 4; lastKnownFileType = sourcecode.c.objc; path = "UIView+WebCacheOperation.m"; sourceTree = "<group>"; };
		67902BD41DD0534F000962E7 /* DataCenter.h */ = {isa = PBXFileReference; fileEncoding = 4; lastKnownFileType = sourcecode.c.h; path = DataCenter.h; sourceTree = "<group>"; };
		67902BD51DD0534F000962E7 /* DataCenter.m */ = {isa = PBXFileReference; fileEncoding = 4; lastKnownFileType = sourcecode.c.objc; path = DataCenter.m; sourceTree = "<group>"; };
		67902BD71DD05361000962E7 /* SocketManager.h */ = {isa = PBXFileReference; fileEncoding = 4; lastKnownFileType = sourcecode.c.h; path = SocketManager.h; sourceTree = "<group>"; };
		67902BD81DD05361000962E7 /* SocketManager.m */ = {isa = PBXFileReference; fileEncoding = 4; lastKnownFileType = sourcecode.c.objc; path = SocketManager.m; sourceTree = "<group>"; };
		67902BDA1DD05373000962E7 /* RequestManager.h */ = {isa = PBXFileReference; fileEncoding = 4; lastKnownFileType = sourcecode.c.h; path = RequestManager.h; sourceTree = "<group>"; };
		67902BDB1DD05373000962E7 /* RequestManager.m */ = {isa = PBXFileReference; fileEncoding = 4; lastKnownFileType = sourcecode.c.objc; path = RequestManager.m; sourceTree = "<group>"; };
		67902BDD1DD053A7000962E7 /* SocketManager+Send.h */ = {isa = PBXFileReference; fileEncoding = 4; lastKnownFileType = sourcecode.c.h; path = "SocketManager+Send.h"; sourceTree = "<group>"; };
		67902BDE1DD053A7000962E7 /* SocketManager+Send.m */ = {isa = PBXFileReference; fileEncoding = 4; lastKnownFileType = sourcecode.c.objc; path = "SocketManager+Send.m"; sourceTree = "<group>"; };
		67902BE01DD053B1000962E7 /* SocketManager+Receive.h */ = {isa = PBXFileReference; fileEncoding = 4; lastKnownFileType = sourcecode.c.h; path = "SocketManager+Receive.h"; sourceTree = "<group>"; };
		67902BE11DD053B1000962E7 /* SocketManager+Receive.m */ = {isa = PBXFileReference; fileEncoding = 4; lastKnownFileType = sourcecode.c.objc; path = "SocketManager+Receive.m"; sourceTree = "<group>"; };
		67902BE31DD053F4000962E7 /* RequestSessionManager.h */ = {isa = PBXFileReference; fileEncoding = 4; lastKnownFileType = sourcecode.c.h; path = RequestSessionManager.h; sourceTree = "<group>"; };
		67902BE41DD053F4000962E7 /* RequestSessionManager.m */ = {isa = PBXFileReference; fileEncoding = 4; lastKnownFileType = sourcecode.c.objc; path = RequestSessionManager.m; sourceTree = "<group>"; };
		67902BE61DD05983000962E7 /* LiveListItem.h */ = {isa = PBXFileReference; fileEncoding = 4; lastKnownFileType = sourcecode.c.h; path = LiveListItem.h; sourceTree = "<group>"; };
		67902BE71DD05983000962E7 /* LiveListItem.m */ = {isa = PBXFileReference; fileEncoding = 4; lastKnownFileType = sourcecode.c.objc; path = LiveListItem.m; sourceTree = "<group>"; };
		67902BE91DD05B43000962E7 /* CreatorItem.h */ = {isa = PBXFileReference; fileEncoding = 4; lastKnownFileType = sourcecode.c.h; path = CreatorItem.h; sourceTree = "<group>"; };
		67902BEA1DD05B43000962E7 /* CreatorItem.m */ = {isa = PBXFileReference; fileEncoding = 4; lastKnownFileType = sourcecode.c.objc; path = CreatorItem.m; sourceTree = "<group>"; };
/* End PBXFileReference section */

/* Begin PBXFrameworksBuildPhase section */
		67902B251DD04688000962E7 /* Frameworks */ = {
			isa = PBXFrameworksBuildPhase;
			buildActionMask = 2147483647;
			files = (
			);
			runOnlyForDeploymentPostprocessing = 0;
		};
/* End PBXFrameworksBuildPhase section */

/* Begin PBXGroup section */
		67902B1F1DD04687000962E7 = {
			isa = PBXGroup;
			children = (
				67902B2A1DD04688000962E7 /* Yingke */,
				67902B291DD04688000962E7 /* Products */,
			);
			sourceTree = "<group>";
		};
		67902B291DD04688000962E7 /* Products */ = {
			isa = PBXGroup;
			children = (
				67902B281DD04688000962E7 /* Yingke.app */,
			);
			name = Products;
			sourceTree = "<group>";
		};
		67902B2A1DD04688000962E7 /* Yingke */ = {
			isa = PBXGroup;
			children = (
				67902B421DD04D07000962E7 /* AppDelegate */,
				67902B4D1DD04D07000962E7 /* ViewController */,
				67902B4C1DD04D07000962E7 /* View */,
				67902B471DD04D07000962E7 /* DataCenter */,
				67902B4A1DD04D07000962E7 /* Models */,
				67902B461DD04D07000962E7 /* Common */,
				67902B451DD04D07000962E7 /* Categorys */,
				67902B481DD04D07000962E7 /* Factorys */,
				67902B491DD04D07000962E7 /* Macro */,
				67902B4B1DD04D07000962E7 /* Vendor */,
				67902B371DD04688000962E7 /* Assets.xcassets */,
				67902B621DD050D5000962E7 /* Yingke.pch */,
				67902B3C1DD04688000962E7 /* Info.plist */,
				67902B2B1DD04688000962E7 /* Supporting Files */,
			);
			path = Yingke;
			sourceTree = "<group>";
		};
		67902B2B1DD04688000962E7 /* Supporting Files */ = {
			isa = PBXGroup;
			children = (
				67902B2C1DD04688000962E7 /* main.m */,
			);
			name = "Supporting Files";
			sourceTree = "<group>";
		};
		67902B421DD04D07000962E7 /* AppDelegate */ = {
			isa = PBXGroup;
			children = (
				67902B431DD04D07000962E7 /* AppDelegate.h */,
				67902B441DD04D07000962E7 /* AppDelegate.m */,
				67902B4F1DD04D5E000962E7 /* AppDelegate+Window.h */,
				67902B501DD04D5E000962E7 /* AppDelegate+Window.m */,
			);
			path = AppDelegate;
			sourceTree = "<group>";
		};
		67902B451DD04D07000962E7 /* Categorys */ = {
			isa = PBXGroup;
			children = (
			);
			path = Categorys;
			sourceTree = "<group>";
		};
		67902B461DD04D07000962E7 /* Common */ = {
			isa = PBXGroup;
			children = (
			);
			path = Common;
			sourceTree = "<group>";
		};
		67902B471DD04D07000962E7 /* DataCenter */ = {
			isa = PBXGroup;
			children = (
				67902BD41DD0534F000962E7 /* DataCenter.h */,
				67902BD51DD0534F000962E7 /* DataCenter.m */,
				67902BD71DD05361000962E7 /* SocketManager.h */,
				67902BD81DD05361000962E7 /* SocketManager.m */,
				67902BDD1DD053A7000962E7 /* SocketManager+Send.h */,
				67902BDE1DD053A7000962E7 /* SocketManager+Send.m */,
				67902BE01DD053B1000962E7 /* SocketManager+Receive.h */,
				67902BE11DD053B1000962E7 /* SocketManager+Receive.m */,
				67902BDA1DD05373000962E7 /* RequestManager.h */,
				67902BDB1DD05373000962E7 /* RequestManager.m */,
				67902BE31DD053F4000962E7 /* RequestSessionManager.h */,
				67902BE41DD053F4000962E7 /* RequestSessionManager.m */,
			);
			path = DataCenter;
			sourceTree = "<group>";
		};
		67902B481DD04D07000962E7 /* Factorys */ = {
			isa = PBXGroup;
			children = (
			);
			path = Factorys;
			sourceTree = "<group>";
		};
		67902B491DD04D07000962E7 /* Macro */ = {
			isa = PBXGroup;
			children = (
				67902B5D1DD04FFA000962E7 /* UIKitMacro.h */,
				67902B5E1DD05012000962E7 /* UIFontMacro.h */,
				67902B5F1DD05027000962E7 /* HttpMacro.h */,
				67902B611DD05056000962E7 /* FoundationMacro.h */,
			);
			path = Macro;
			sourceTree = "<group>";
		};
		67902B4A1DD04D07000962E7 /* Models */ = {
			isa = PBXGroup;
			children = (
				67902BE61DD05983000962E7 /* LiveListItem.h */,
				67902BE71DD05983000962E7 /* LiveListItem.m */,
				67902BE91DD05B43000962E7 /* CreatorItem.h */,
				67902BEA1DD05B43000962E7 /* CreatorItem.m */,
			);
			path = Models;
			sourceTree = "<group>";
		};
		67902B4B1DD04D07000962E7 /* Vendor */ = {
			isa = PBXGroup;
			children = (
				67902B661DD052D8000962E7 /* AFNetworking */,
				67902B741DD052D8000962E7 /* KLSwitch */,
				67902B771DD052D8000962E7 /* MJExtension */,
				67902B891DD052D8000962E7 /* SDWebImage */,
			);
			path = Vendor;
			sourceTree = "<group>";
		};
		67902B4C1DD04D07000962E7 /* View */ = {
			isa = PBXGroup;
			children = (
			);
			path = View;
			sourceTree = "<group>";
		};
		67902B4D1DD04D07000962E7 /* ViewController */ = {
			isa = PBXGroup;
			children = (
				67902B521DD04E25000962E7 /* Base */,
				67902B5C1DD04FA7000962E7 /* Live */,
			);
			path = ViewController;
			sourceTree = "<group>";
		};
		67902B521DD04E25000962E7 /* Base */ = {
			isa = PBXGroup;
			children = (
				67902B561DD04E52000962E7 /* BaseNavigationController.h */,
				67902B571DD04E52000962E7 /* BaseNavigationController.m */,
				67902B531DD04E32000962E7 /* BaseViewController.h */,
				67902B541DD04E32000962E7 /* BaseViewController.m */,
				67902B591DD04F81000962E7 /* RefreshTableViewController.h */,
				67902B5A1DD04F81000962E7 /* RefreshTableViewController.m */,
				67902B631DD05176000962E7 /* BaseTableViewController.h */,
				67902B641DD05176000962E7 /* BaseTableViewController.m */,
			);
			path = Base;
			sourceTree = "<group>";
		};
		67902B5C1DD04FA7000962E7 /* Live */ = {
			isa = PBXGroup;
			children = (
			);
			path = Live;
			sourceTree = "<group>";
		};
		67902B661DD052D8000962E7 /* AFNetworking */ = {
			isa = PBXGroup;
			children = (
				67902B671DD052D8000962E7 /* AFHTTPSessionManager.h */,
				67902B681DD052D8000962E7 /* AFHTTPSessionManager.m */,
				67902B691DD052D8000962E7 /* AFNetworking.h */,
				67902B6A1DD052D8000962E7 /* AFNetworkReachabilityManager.h */,
				67902B6B1DD052D8000962E7 /* AFNetworkReachabilityManager.m */,
				67902B6C1DD052D8000962E7 /* AFSecurityPolicy.h */,
				67902B6D1DD052D8000962E7 /* AFSecurityPolicy.m */,
				67902B6E1DD052D8000962E7 /* AFURLRequestSerialization.h */,
				67902B6F1DD052D8000962E7 /* AFURLRequestSerialization.m */,
				67902B701DD052D8000962E7 /* AFURLResponseSerialization.h */,
				67902B711DD052D8000962E7 /* AFURLResponseSerialization.m */,
				67902B721DD052D8000962E7 /* AFURLSessionManager.h */,
				67902B731DD052D8000962E7 /* AFURLSessionManager.m */,
			);
			path = AFNetworking;
			sourceTree = "<group>";
		};
		67902B741DD052D8000962E7 /* KLSwitch */ = {
			isa = PBXGroup;
			children = (
				67902B751DD052D8000962E7 /* KLSwitch.h */,
				67902B761DD052D8000962E7 /* KLSwitch.m */,
			);
			path = KLSwitch;
			sourceTree = "<group>";
		};
		67902B771DD052D8000962E7 /* MJExtension */ = {
			isa = PBXGroup;
			children = (
				67902B781DD052D8000962E7 /* MJConst.h */,
				67902B791DD052D8000962E7 /* MJConst.m */,
				67902B7A1DD052D8000962E7 /* MJExtension.h */,
				67902B7B1DD052D8000962E7 /* MJFoundation.h */,
				67902B7C1DD052D8000962E7 /* MJFoundation.m */,
				67902B7D1DD052D8000962E7 /* MJProperty.h */,
				67902B7E1DD052D8000962E7 /* MJProperty.m */,
				67902B7F1DD052D8000962E7 /* MJType.h */,
				67902B801DD052D8000962E7 /* MJType.m */,
				67902B811DD052D8000962E7 /* NSObject+MJCoding.h */,
				67902B821DD052D8000962E7 /* NSObject+MJCoding.m */,
				67902B831DD052D8000962E7 /* NSObject+MJKeyValue.h */,
				67902B841DD052D8000962E7 /* NSObject+MJKeyValue.m */,
				67902B851DD052D8000962E7 /* NSObject+MJProperty.h */,
				67902B861DD052D8000962E7 /* NSObject+MJProperty.m */,
				67902B871DD052D8000962E7 /* NSString+Extension.h */,
				67902B881DD052D8000962E7 /* NSString+Extension.m */,
			);
			path = MJExtension;
			sourceTree = "<group>";
		};
		67902B891DD052D8000962E7 /* SDWebImage */ = {
			isa = PBXGroup;
			children = (
				67902B8A1DD052D8000962E7 /* FLAnimatedImage */,
				67902B8B1DD052D8000962E7 /* MKAnnotationView+WebCache.h */,
				67902B8C1DD052D8000962E7 /* MKAnnotationView+WebCache.m */,
				67902B8D1DD052D8000962E7 /* NSData+ImageContentType.h */,
				67902B8E1DD052D8000962E7 /* NSData+ImageContentType.m */,
				67902B8F1DD052D8000962E7 /* NSImage+WebCache.h */,
				67902B901DD052D8000962E7 /* NSImage+WebCache.m */,
				67902B911DD052D8000962E7 /* SDImageCache.h */,
				67902B921DD052D8000962E7 /* SDImageCache.m */,
				67902B931DD052D8000962E7 /* SDImageCacheConfig.h */,
				67902B941DD052D8000962E7 /* SDImageCacheConfig.m */,
				67902B951DD052D8000962E7 /* SDWebImageCompat.h */,
				67902B961DD052D8000962E7 /* SDWebImageCompat.m */,
				67902B971DD052D8000962E7 /* SDWebImageDecoder.h */,
				67902B981DD052D8000962E7 /* SDWebImageDecoder.m */,
				67902B991DD052D8000962E7 /* SDWebImageDownloader.h */,
				67902B9A1DD052D8000962E7 /* SDWebImageDownloader.m */,
				67902B9B1DD052D8000962E7 /* SDWebImageDownloaderOperation.h */,
				67902B9C1DD052D8000962E7 /* SDWebImageDownloaderOperation.m */,
				67902B9D1DD052D8000962E7 /* SDWebImageManager.h */,
				67902B9E1DD052D8000962E7 /* SDWebImageManager.m */,
				67902B9F1DD052D8000962E7 /* SDWebImageOperation.h */,
				67902BA01DD052D8000962E7 /* SDWebImagePrefetcher.h */,
				67902BA11DD052D8000962E7 /* SDWebImagePrefetcher.m */,
				67902BA21DD052D8000962E7 /* UIButton+WebCache.h */,
				67902BA31DD052D8000962E7 /* UIButton+WebCache.m */,
				67902BA41DD052D8000962E7 /* UIImage+GIF.h */,
				67902BA51DD052D8000962E7 /* UIImage+GIF.m */,
				67902BA61DD052D8000962E7 /* UIImage+MultiFormat.h */,
				67902BA71DD052D8000962E7 /* UIImage+MultiFormat.m */,
				67902BA81DD052D8000962E7 /* UIImage+WebP.h */,
				67902BA91DD052D8000962E7 /* UIImage+WebP.m */,
				67902BAA1DD052D8000962E7 /* UIImageView+HighlightedWebCache.h */,
				67902BAB1DD052D8000962E7 /* UIImageView+HighlightedWebCache.m */,
				67902BAC1DD052D8000962E7 /* UIImageView+WebCache.h */,
				67902BAD1DD052D8000962E7 /* UIImageView+WebCache.m */,
				67902BAE1DD052D8000962E7 /* UIView+WebCache.h */,
				67902BAF1DD052D8000962E7 /* UIView+WebCache.m */,
				67902BB01DD052D8000962E7 /* UIView+WebCacheOperation.h */,
				67902BB11DD052D8000962E7 /* UIView+WebCacheOperation.m */,
			);
			path = SDWebImage;
			sourceTree = "<group>";
		};
		67902B8A1DD052D8000962E7 /* FLAnimatedImage */ = {
			isa = PBXGroup;
			children = (
			);
			path = FLAnimatedImage;
			sourceTree = "<group>";
		};
/* End PBXGroup section */

/* Begin PBXNativeTarget section */
		67902B271DD04688000962E7 /* Yingke */ = {
			isa = PBXNativeTarget;
			buildConfigurationList = 67902B3F1DD04688000962E7 /* Build configuration list for PBXNativeTarget "Yingke" */;
			buildPhases = (
				67902B241DD04688000962E7 /* Sources */,
				67902B251DD04688000962E7 /* Frameworks */,
				67902B261DD04688000962E7 /* Resources */,
			);
			buildRules = (
			);
			dependencies = (
			);
			name = Yingke;
			productName = Yingke;
			productReference = 67902B281DD04688000962E7 /* Yingke.app */;
			productType = "com.apple.product-type.application";
		};
/* End PBXNativeTarget section */

/* Begin PBXProject section */
		67902B201DD04687000962E7 /* Project object */ = {
			isa = PBXProject;
			attributes = {
				LastUpgradeCheck = 0810;
				ORGANIZATIONNAME = mayw;
				TargetAttributes = {
					67902B271DD04688000962E7 = {
						CreatedOnToolsVersion = 8.1;
						DevelopmentTeam = 7S7X7B8PE5;
						ProvisioningStyle = Automatic;
					};
				};
			};
			buildConfigurationList = 67902B231DD04687000962E7 /* Build configuration list for PBXProject "Yingke" */;
			compatibilityVersion = "Xcode 3.2";
			developmentRegion = English;
			hasScannedForEncodings = 0;
			knownRegions = (
				en,
				Base,
			);
			mainGroup = 67902B1F1DD04687000962E7;
			productRefGroup = 67902B291DD04688000962E7 /* Products */;
			projectDirPath = "";
			projectRoot = "";
			targets = (
				67902B271DD04688000962E7 /* Yingke */,
			);
		};
/* End PBXProject section */

/* Begin PBXResourcesBuildPhase section */
		67902B261DD04688000962E7 /* Resources */ = {
			isa = PBXResourcesBuildPhase;
			buildActionMask = 2147483647;
			files = (
				67902B381DD04688000962E7 /* Assets.xcassets in Resources */,
			);
			runOnlyForDeploymentPostprocessing = 0;
		};
/* End PBXResourcesBuildPhase section */

/* Begin PBXSourcesBuildPhase section */
		67902B241DD04688000962E7 /* Sources */ = {
			isa = PBXSourcesBuildPhase;
			buildActionMask = 2147483647;
			files = (
				67902BE21DD053B1000962E7 /* SocketManager+Receive.m in Sources */,
				67902B511DD04D5E000962E7 /* AppDelegate+Window.m in Sources */,
				67902BD31DD052D8000962E7 /* UIView+WebCacheOperation.m in Sources */,
				67902BCC1DD052D8000962E7 /* UIButton+WebCache.m in Sources */,
				67902BCA1DD052D8000962E7 /* SDWebImageManager.m in Sources */,
				67902BD61DD0534F000962E7 /* DataCenter.m in Sources */,
				67902BB31DD052D8000962E7 /* AFNetworkReachabilityManager.m in Sources */,
				67902B551DD04E32000962E7 /* BaseViewController.m in Sources */,
				67902BDC1DD05373000962E7 /* RequestManager.m in Sources */,
				67902B4E1DD04D07000962E7 /* AppDelegate.m in Sources */,
				67902BC81DD052D8000962E7 /* SDWebImageDownloader.m in Sources */,
				67902BB91DD052D8000962E7 /* MJConst.m in Sources */,
				67902BC61DD052D8000962E7 /* SDWebImageCompat.m in Sources */,
				67902BC01DD052D8000962E7 /* NSString+Extension.m in Sources */,
				67902B651DD05176000962E7 /* BaseTableViewController.m in Sources */,
				67902B2D1DD04688000962E7 /* main.m in Sources */,
				67902BBB1DD052D8000962E7 /* MJProperty.m in Sources */,
				67902BEB1DD05B43000962E7 /* CreatorItem.m in Sources */,
				67902BBE1DD052D8000962E7 /* NSObject+MJKeyValue.m in Sources */,
				67902BD91DD05361000962E7 /* SocketManager.m in Sources */,
				67902BD11DD052D8000962E7 /* UIImageView+WebCache.m in Sources */,
				67902BCF1DD052D8000962E7 /* UIImage+WebP.m in Sources */,
				67902BC51DD052D8000962E7 /* SDImageCacheConfig.m in Sources */,
				67902BC21DD052D8000962E7 /* NSData+ImageContentType.m in Sources */,
				67902BCE1DD052D8000962E7 /* UIImage+MultiFormat.m in Sources */,
				67902BC91DD052D8000962E7 /* SDWebImageDownloaderOperation.m in Sources */,
				67902BBA1DD052D8000962E7 /* MJFoundation.m in Sources */,
				67902BD01DD052D8000962E7 /* UIImageView+HighlightedWebCache.m in Sources */,
				67902BB41DD052D8000962E7 /* AFSecurityPolicy.m in Sources */,
				67902BBC1DD052D8000962E7 /* MJType.m in Sources */,
				67902BB51DD052D8000962E7 /* AFURLRequestSerialization.m in Sources */,
				67902BB81DD052D8000962E7 /* KLSwitch.m in Sources */,
				67902BD21DD052D8000962E7 /* UIView+WebCache.m in Sources */,
				67902B581DD04E52000962E7 /* BaseNavigationController.m in Sources */,
				67902B5B1DD04F81000962E7 /* RefreshTableViewController.m in Sources */,
				67902BC11DD052D8000962E7 /* MKAnnotationView+WebCache.m in Sources */,
				67902BC31DD052D8000962E7 /* NSImage+WebCache.m in Sources */,
				67902BE81DD05983000962E7 /* LiveListItem.m in Sources */,
				67902BC71DD052D8000962E7 /* SDWebImageDecoder.m in Sources */,
				67902BBF1DD052D8000962E7 /* NSObject+MJProperty.m in Sources */,
				67902BE51DD053F4000962E7 /* RequestSessionManager.m in Sources */,
				67902BBD1DD052D8000962E7 /* NSObject+MJCoding.m in Sources */,
				67902BB61DD052D8000962E7 /* AFURLResponseSerialization.m in Sources */,
				67902BDF1DD053A7000962E7 /* SocketManager+Send.m in Sources */,
				67902BC41DD052D8000962E7 /* SDImageCache.m in Sources */,
				67902BCB1DD052D8000962E7 /* SDWebImagePrefetcher.m in Sources */,
				67902BB71DD052D8000962E7 /* AFURLSessionManager.m in Sources */,
				67902BCD1DD052D8000962E7 /* UIImage+GIF.m in Sources */,
				67902BB21DD052D8000962E7 /* AFHTTPSessionManager.m in Sources */,
			);
			runOnlyForDeploymentPostprocessing = 0;
		};
/* End PBXSourcesBuildPhase section */

/* Begin XCBuildConfiguration section */
		67902B3D1DD04688000962E7 /* Debug */ = {
			isa = XCBuildConfiguration;
			buildSettings = {
				ALWAYS_SEARCH_USER_PATHS = NO;
				CLANG_ANALYZER_NONNULL = YES;
				CLANG_CXX_LANGUAGE_STANDARD = "gnu++0x";
				CLANG_CXX_LIBRARY = "libc++";
				CLANG_ENABLE_MODULES = YES;
				CLANG_ENABLE_OBJC_ARC = YES;
				CLANG_WARN_BOOL_CONVERSION = YES;
				CLANG_WARN_CONSTANT_CONVERSION = YES;
				CLANG_WARN_DIRECT_OBJC_ISA_USAGE = YES_ERROR;
				CLANG_WARN_DOCUMENTATION_COMMENTS = YES;
				CLANG_WARN_EMPTY_BODY = YES;
				CLANG_WARN_ENUM_CONVERSION = YES;
				CLANG_WARN_INFINITE_RECURSION = YES;
				CLANG_WARN_INT_CONVERSION = YES;
				CLANG_WARN_OBJC_ROOT_CLASS = YES_ERROR;
				CLANG_WARN_SUSPICIOUS_MOVES = YES;
				CLANG_WARN_UNREACHABLE_CODE = YES;
				CLANG_WARN__DUPLICATE_METHOD_MATCH = YES;
				"CODE_SIGN_IDENTITY[sdk=iphoneos*]" = "iPhone Developer";
				COPY_PHASE_STRIP = NO;
				DEBUG_INFORMATION_FORMAT = dwarf;
				ENABLE_STRICT_OBJC_MSGSEND = YES;
				ENABLE_TESTABILITY = YES;
				GCC_C_LANGUAGE_STANDARD = gnu99;
				GCC_DYNAMIC_NO_PIC = NO;
				GCC_NO_COMMON_BLOCKS = YES;
				GCC_OPTIMIZATION_LEVEL = 0;
				GCC_PREPROCESSOR_DEFINITIONS = (
					"DEBUG=1",
					"$(inherited)",
				);
				GCC_WARN_64_TO_32_BIT_CONVERSION = YES;
				GCC_WARN_ABOUT_RETURN_TYPE = YES_ERROR;
				GCC_WARN_UNDECLARED_SELECTOR = YES;
				GCC_WARN_UNINITIALIZED_AUTOS = YES_AGGRESSIVE;
				GCC_WARN_UNUSED_FUNCTION = YES;
				GCC_WARN_UNUSED_VARIABLE = YES;
				IPHONEOS_DEPLOYMENT_TARGET = 10.1;
				MTL_ENABLE_DEBUG_INFO = YES;
				ONLY_ACTIVE_ARCH = YES;
				SDKROOT = iphoneos;
			};
			name = Debug;
		};
		67902B3E1DD04688000962E7 /* Release */ = {
			isa = XCBuildConfiguration;
			buildSettings = {
				ALWAYS_SEARCH_USER_PATHS = NO;
				CLANG_ANALYZER_NONNULL = YES;
				CLANG_CXX_LANGUAGE_STANDARD = "gnu++0x";
				CLANG_CXX_LIBRARY = "libc++";
				CLANG_ENABLE_MODULES = YES;
				CLANG_ENABLE_OBJC_ARC = YES;
				CLANG_WARN_BOOL_CONVERSION = YES;
				CLANG_WARN_CONSTANT_CONVERSION = YES;
				CLANG_WARN_DIRECT_OBJC_ISA_USAGE = YES_ERROR;
				CLANG_WARN_DOCUMENTATION_COMMENTS = YES;
				CLANG_WARN_EMPTY_BODY = YES;
				CLANG_WARN_ENUM_CONVERSION = YES;
				CLANG_WARN_INFINITE_RECURSION = YES;
				CLANG_WARN_INT_CONVERSION = YES;
				CLANG_WARN_OBJC_ROOT_CLASS = YES_ERROR;
				CLANG_WARN_SUSPICIOUS_MOVES = YES;
				CLANG_WARN_UNREACHABLE_CODE = YES;
				CLANG_WARN__DUPLICATE_METHOD_MATCH = YES;
				"CODE_SIGN_IDENTITY[sdk=iphoneos*]" = "iPhone Developer";
				COPY_PHASE_STRIP = NO;
				DEBUG_INFORMATION_FORMAT = "dwarf-with-dsym";
				ENABLE_NS_ASSERTIONS = NO;
				ENABLE_STRICT_OBJC_MSGSEND = YES;
				GCC_C_LANGUAGE_STANDARD = gnu99;
				GCC_NO_COMMON_BLOCKS = YES;
				GCC_WARN_64_TO_32_BIT_CONVERSION = YES;
				GCC_WARN_ABOUT_RETURN_TYPE = YES_ERROR;
				GCC_WARN_UNDECLARED_SELECTOR = YES;
				GCC_WARN_UNINITIALIZED_AUTOS = YES_AGGRESSIVE;
				GCC_WARN_UNUSED_FUNCTION = YES;
				GCC_WARN_UNUSED_VARIABLE = YES;
				IPHONEOS_DEPLOYMENT_TARGET = 10.1;
				MTL_ENABLE_DEBUG_INFO = NO;
				SDKROOT = iphoneos;
				VALIDATE_PRODUCT = YES;
			};
			name = Release;
		};
		67902B401DD04688000962E7 /* Debug */ = {
			isa = XCBuildConfiguration;
			buildSettings = {
				ASSETCATALOG_COMPILER_APPICON_NAME = AppIcon;
				ASSETCATALOG_COMPILER_LAUNCHIMAGE_NAME = LaunchImage;
				DEVELOPMENT_TEAM = 7S7X7B8PE5;
				GCC_PREFIX_HEADER = Yingke/Yingke.pch;
				INFOPLIST_FILE = Yingke/Info.plist;
				IPHONEOS_DEPLOYMENT_TARGET = 8.0;
				LD_RUNPATH_SEARCH_PATHS = "$(inherited) @executable_path/Frameworks";
				PRODUCT_BUNDLE_IDENTIFIER = com.mingtian.betterfuture.Yingke;
				PRODUCT_NAME = "$(TARGET_NAME)";
			};
			name = Debug;
		};
		67902B411DD04688000962E7 /* Release */ = {
			isa = XCBuildConfiguration;
			buildSettings = {
				ASSETCATALOG_COMPILER_APPICON_NAME = AppIcon;
				ASSETCATALOG_COMPILER_LAUNCHIMAGE_NAME = LaunchImage;
				DEVELOPMENT_TEAM = 7S7X7B8PE5;
				GCC_PREFIX_HEADER = Yingke/Yingke.pch;
				INFOPLIST_FILE = Yingke/Info.plist;
				IPHONEOS_DEPLOYMENT_TARGET = 8.0;
				LD_RUNPATH_SEARCH_PATHS = "$(inherited) @executable_path/Frameworks";
				PRODUCT_BUNDLE_IDENTIFIER = com.mingtian.betterfuture.Yingke;
				PRODUCT_NAME = "$(TARGET_NAME)";
			};
			name = Release;
		};
/* End XCBuildConfiguration section */

/* Begin XCConfigurationList section */
		67902B231DD04687000962E7 /* Build configuration list for PBXProject "Yingke" */ = {
			isa = XCConfigurationList;
			buildConfigurations = (
				67902B3D1DD04688000962E7 /* Debug */,
				67902B3E1DD04688000962E7 /* Release */,
			);
			defaultConfigurationIsVisible = 0;
			defaultConfigurationName = Release;
		};
		67902B3F1DD04688000962E7 /* Build configuration list for PBXNativeTarget "Yingke" */ = {
			isa = XCConfigurationList;
			buildConfigurations = (
				67902B401DD04688000962E7 /* Debug */,
				67902B411DD04688000962E7 /* Release */,
			);
			defaultConfigurationIsVisible = 0;
			defaultConfigurationName = Release;
		};
/* End XCConfigurationList section */
	};
	rootObject = 67902B201DD04687000962E7 /* Project object */;
}
