// !$*UTF8*$!
{
	archiveVersion = 1;
	classes = {
	};
	objectVersion = 46;
	objects = {

/* Begin PBXBuildFile section */
		67902B2D1DD04688000962E7 /* main.m in Sources */ = {isa = PBXBuildFile; fileRef = 67902B2C1DD04688000962E7 /* main.m */; };
		67902B301DD04688000962E7 /* AppDelegate.m in Sources */ = {isa = PBXBuildFile; fileRef = 67902B2F1DD04688000962E7 /* AppDelegate.m */; };
		67902B381DD04688000962E7 /* Assets.xcassets in Resources */ = {isa = PBXBuildFile; fileRef = 67902B371DD04688000962E7 /* Assets.xcassets */; };
/* End PBXBuildFile section */

/* Begin PBXFileReference section */
		67902B281DD04688000962E7 /* Yingke.app */ = {isa = PBXFileReference; explicitFileType = wrapper.application; includeInIndex = 0; path = Yingke.app; sourceTree = BUILT_PRODUCTS_DIR; };
		67902B2C1DD04688000962E7 /* main.m */ = {isa = PBXFileReference; lastKnownFileType = sourcecode.c.objc; path = main.m; sourceTree = "<group>"; };
		67902B2E1DD04688000962E7 /* AppDelegate.h */ = {isa = PBXFileReference; lastKnownFileType = sourcecode.c.h; path = AppDelegate.h; sourceTree = "<group>"; };
		67902B2F1DD04688000962E7 /* AppDelegate.m */ = {isa = PBXFileReference; lastKnownFileType = sourcecode.c.objc; path = AppDelegate.m; sourceTree = "<group>"; };
		67902B371DD04688000962E7 /* Assets.xcassets */ = {isa = PBXFileReference; lastKnownFileType = folder.assetcatalog; path = Assets.xcassets; sourceTree = "<group>"; };
		67902B3C1DD04688000962E7 /* Info.plist */ = {isa = PBXFileReference; lastKnownFileType = text.plist.xml; path = Info.plist; sourceTree = "<group>"; };
/* End PBXFileReference section */

/* Begin PBXFrameworksBuildPhase section */
		67902B251DD04688000962E7 /* Frameworks */ = {
			isa = PBXFrameworksBuildPhase;
			buildActionMask = 2147483647;
			files = (
			);
			runOnlyForDeploymentPostprocessing = 0;
		};
/* End PBXFrameworksBuildPhase section */

/* Begin PBXGroup section */
		67902B1F1DD04687000962E7 = {
			isa = PBXGroup;
			children = (
				67902B2A1DD04688000962E7 /* Yingke */,
				67902B291DD04688000962E7 /* Products */,
			);
			sourceTree = "<group>";
		};
		67902B291DD04688000962E7 /* Products */ = {
			isa = PBXGroup;
			children = (
				67902B281DD04688000962E7 /* Yingke.app */,
			);
			name = Products;
			sourceTree = "<group>";
		};
		67902B2A1DD04688000962E7 /* Yingke */ = {
			isa = PBXGroup;
			children = (
				67902B2E1DD04688000962E7 /* AppDelegate.h */,
				67902B2F1DD04688000962E7 /* AppDelegate.m */,
				67902B371DD04688000962E7 /* Assets.xcassets */,
				67902B3C1DD04688000962E7 /* Info.plist */,
				67902B2B1DD04688000962E7 /* Supporting Files */,
			);
			path = Yingke;
			sourceTree = "<group>";
		};
		67902B2B1DD04688000962E7 /* Supporting Files */ = {
			isa = PBXGroup;
			children = (
				67902B2C1DD04688000962E7 /* main.m */,
			);
			name = "Supporting Files";
			sourceTree = "<group>";
		};
/* End PBXGroup section */

/* Begin PBXNativeTarget section */
		67902B271DD04688000962E7 /* Yingke */ = {
			isa = PBXNativeTarget;
			buildConfigurationList = 67902B3F1DD04688000962E7 /* Build configuration list for PBXNativeTarget "Yingke" */;
			buildPhases = (
				67902B241DD04688000962E7 /* Sources */,
				67902B251DD04688000962E7 /* Frameworks */,
				67902B261DD04688000962E7 /* Resources */,
			);
			buildRules = (
			);
			dependencies = (
			);
			name = Yingke;
			productName = Yingke;
			productReference = 67902B281DD04688000962E7 /* Yingke.app */;
			productType = "com.apple.product-type.application";
		};
/* End PBXNativeTarget section */

/* Begin PBXProject section */
		67902B201DD04687000962E7 /* Project object */ = {
			isa = PBXProject;
			attributes = {
				LastUpgradeCheck = 0810;
				ORGANIZATIONNAME = mayw;
				TargetAttributes = {
					67902B271DD04688000962E7 = {
						CreatedOnToolsVersion = 8.1;
						DevelopmentTeam = 7S7X7B8PE5;
						ProvisioningStyle = Automatic;
					};
				};
			};
			buildConfigurationList = 67902B231DD04687000962E7 /* Build configuration list for PBXProject "Yingke" */;
			compatibilityVersion = "Xcode 3.2";
			developmentRegion = English;
			hasScannedForEncodings = 0;
			knownRegions = (
				en,
				Base,
			);
			mainGroup = 67902B1F1DD04687000962E7;
			productRefGroup = 67902B291DD04688000962E7 /* Products */;
			projectDirPath = "";
			projectRoot = "";
			targets = (
				67902B271DD04688000962E7 /* Yingke */,
			);
		};
/* End PBXProject section */

/* Begin PBXResourcesBuildPhase section */
		67902B261DD04688000962E7 /* Resources */ = {
			isa = PBXResourcesBuildPhase;
			buildActionMask = 2147483647;
			files = (
				67902B381DD04688000962E7 /* Assets.xcassets in Resources */,
			);
			runOnlyForDeploymentPostprocessing = 0;
		};
/* End PBXResourcesBuildPhase section */

/* Begin PBXSourcesBuildPhase section */
		67902B241DD04688000962E7 /* Sources */ = {
			isa = PBXSourcesBuildPhase;
			buildActionMask = 2147483647;
			files = (
				67902B301DD04688000962E7 /* AppDelegate.m in Sources */,
				67902B2D1DD04688000962E7 /* main.m in Sources */,
			);
			runOnlyForDeploymentPostprocessing = 0;
		};
/* End PBXSourcesBuildPhase section */

/* Begin XCBuildConfiguration section */
		67902B3D1DD04688000962E7 /* Debug */ = {
			isa = XCBuildConfiguration;
			buildSettings = {
				ALWAYS_SEARCH_USER_PATHS = NO;
				CLANG_ANALYZER_NONNULL = YES;
				CLANG_CXX_LANGUAGE_STANDARD = "gnu++0x";
				CLANG_CXX_LIBRARY = "libc++";
				CLANG_ENABLE_MODULES = YES;
				CLANG_ENABLE_OBJC_ARC = YES;
				CLANG_WARN_BOOL_CONVERSION = YES;
				CLANG_WARN_CONSTANT_CONVERSION = YES;
				CLANG_WARN_DIRECT_OBJC_ISA_USAGE = YES_ERROR;
				CLANG_WARN_DOCUMENTATION_COMMENTS = YES;
				CLANG_WARN_EMPTY_BODY = YES;
				CLANG_WARN_ENUM_CONVERSION = YES;
				CLANG_WARN_INFINITE_RECURSION = YES;
				CLANG_WARN_INT_CONVERSION = YES;
				CLANG_WARN_OBJC_ROOT_CLASS = YES_ERROR;
				CLANG_WARN_SUSPICIOUS_MOVES = YES;
				CLANG_WARN_UNREACHABLE_CODE = YES;
				CLANG_WARN__DUPLICATE_METHOD_MATCH = YES;
				"CODE_SIGN_IDENTITY[sdk=iphoneos*]" = "iPhone Developer";
				COPY_PHASE_STRIP = NO;
				DEBUG_INFORMATION_FORMAT = dwarf;
				ENABLE_STRICT_OBJC_MSGSEND = YES;
				ENABLE_TESTABILITY = YES;
				GCC_C_LANGUAGE_STANDARD = gnu99;
				GCC_DYNAMIC_NO_PIC = NO;
				GCC_NO_COMMON_BLOCKS = YES;
				GCC_OPTIMIZATION_LEVEL = 0;
				GCC_PREPROCESSOR_DEFINITIONS = (
					"DEBUG=1",
					"$(inherited)",
				);
				GCC_WARN_64_TO_32_BIT_CONVERSION = YES;
				GCC_WARN_ABOUT_RETURN_TYPE = YES_ERROR;
				GCC_WARN_UNDECLARED_SELECTOR = YES;
				GCC_WARN_UNINITIALIZED_AUTOS = YES_AGGRESSIVE;
				GCC_WARN_UNUSED_FUNCTION = YES;
				GCC_WARN_UNUSED_VARIABLE = YES;
				IPHONEOS_DEPLOYMENT_TARGET = 10.1;
				MTL_ENABLE_DEBUG_INFO = YES;
				ONLY_ACTIVE_ARCH = YES;
				SDKROOT = iphoneos;
			};
			name = Debug;
		};
		67902B3E1DD04688000962E7 /* Release */ = {
			isa = XCBuildConfiguration;
			buildSettings = {
				ALWAYS_SEARCH_USER_PATHS = NO;
				CLANG_ANALYZER_NONNULL = YES;
				CLANG_CXX_LANGUAGE_STANDARD = "gnu++0x";
				CLANG_CXX_LIBRARY = "libc++";
				CLANG_ENABLE_MODULES = YES;
				CLANG_ENABLE_OBJC_ARC = YES;
				CLANG_WARN_BOOL_CONVERSION = YES;
				CLANG_WARN_CONSTANT_CONVERSION = YES;
				CLANG_WARN_DIRECT_OBJC_ISA_USAGE = YES_ERROR;
				CLANG_WARN_DOCUMENTATION_COMMENTS = YES;
				CLANG_WARN_EMPTY_BODY = YES;
				CLANG_WARN_ENUM_CONVERSION = YES;
				CLANG_WARN_INFINITE_RECURSION = YES;
				CLANG_WARN_INT_CONVERSION = YES;
				CLANG_WARN_OBJC_ROOT_CLASS = YES_ERROR;
				CLANG_WARN_SUSPICIOUS_MOVES = YES;
				CLANG_WARN_UNREACHABLE_CODE = YES;
				CLANG_WARN__DUPLICATE_METHOD_MATCH = YES;
				"CODE_SIGN_IDENTITY[sdk=iphoneos*]" = "iPhone Developer";
				COPY_PHASE_STRIP = NO;
				DEBUG_INFORMATION_FORMAT = "dwarf-with-dsym";
				ENABLE_NS_ASSERTIONS = NO;
				ENABLE_STRICT_OBJC_MSGSEND = YES;
				GCC_C_LANGUAGE_STANDARD = gnu99;
				GCC_NO_COMMON_BLOCKS = YES;
				GCC_WARN_64_TO_32_BIT_CONVERSION = YES;
				GCC_WARN_ABOUT_RETURN_TYPE = YES_ERROR;
				GCC_WARN_UNDECLARED_SELECTOR = YES;
				GCC_WARN_UNINITIALIZED_AUTOS = YES_AGGRESSIVE;
				GCC_WARN_UNUSED_FUNCTION = YES;
				GCC_WARN_UNUSED_VARIABLE = YES;
				IPHONEOS_DEPLOYMENT_TARGET = 10.1;
				MTL_ENABLE_DEBUG_INFO = NO;
				SDKROOT = iphoneos;
				VALIDATE_PRODUCT = YES;
			};
			name = Release;
		};
		67902B401DD04688000962E7 /* Debug */ = {
			isa = XCBuildConfiguration;
			buildSettings = {
				ASSETCATALOG_COMPILER_APPICON_NAME = AppIcon;
				ASSETCATALOG_COMPILER_LAUNCHIMAGE_NAME = LaunchImage;
				DEVELOPMENT_TEAM = 7S7X7B8PE5;
				INFOPLIST_FILE = Yingke/Info.plist;
				IPHONEOS_DEPLOYMENT_TARGET = 8.0;
				LD_RUNPATH_SEARCH_PATHS = "$(inherited) @executable_path/Frameworks";
				PRODUCT_BUNDLE_IDENTIFIER = com.mingtian.betterfuture.Yingke;
				PRODUCT_NAME = "$(TARGET_NAME)";
			};
			name = Debug;
		};
		67902B411DD04688000962E7 /* Release */ = {
			isa = XCBuildConfiguration;
			buildSettings = {
				ASSETCATALOG_COMPILER_APPICON_NAME = AppIcon;
				ASSETCATALOG_COMPILER_LAUNCHIMAGE_NAME = LaunchImage;
				DEVELOPMENT_TEAM = 7S7X7B8PE5;
				INFOPLIST_FILE = Yingke/Info.plist;
				IPHONEOS_DEPLOYMENT_TARGET = 8.0;
				LD_RUNPATH_SEARCH_PATHS = "$(inherited) @executable_path/Frameworks";
				PRODUCT_BUNDLE_IDENTIFIER = com.mingtian.betterfuture.Yingke;
				PRODUCT_NAME = "$(TARGET_NAME)";
			};
			name = Release;
		};
/* End XCBuildConfiguration section */

/* Begin XCConfigurationList section */
		67902B231DD04687000962E7 /* Build configuration list for PBXProject "Yingke" */ = {
			isa = XCConfigurationList;
			buildConfigurations = (
				67902B3D1DD04688000962E7 /* Debug */,
				67902B3E1DD04688000962E7 /* Release */,
			);
			defaultConfigurationIsVisible = 0;
			defaultConfigurationName = Release;
		};
		67902B3F1DD04688000962E7 /* Build configuration list for PBXNativeTarget "Yingke" */ = {
			isa = XCConfigurationList;
			buildConfigurations = (
				67902B401DD04688000962E7 /* Debug */,
				67902B411DD04688000962E7 /* Release */,
			);
			defaultConfigurationIsVisible = 0;
			defaultConfigurationName = Release;
		};
/* End XCConfigurationList section */
	};
	rootObject = 67902B201DD04687000962E7 /* Project object */;
}
